
Microsoft Visual Studio Solution File, Format Version 12.00
# Visual Studio Version 17
VisualStudioVersion = 17.10.35013.160
MinimumVisualStudioVersion = 10.0.40219.1
Project("{9A19103F-16F7-4668-BE54-9A1E7A4F7556}") = "OtusHomework", "OtusHomework\OtusHomework.csproj", "{5475BD51-EC46-4D5C-918F-203F4FC1663B}"
EndProject
Project("{9A19103F-16F7-4668-BE54-9A1E7A4F7556}") = "OtusHomework.Database", "OtusHomework.Database\OtusHomework.Database.csproj", "{18198B24-9F72-4D51-B386-1F4F22396375}"
EndProject
Project("{9A19103F-16F7-4668-BE54-9A1E7A4F7556}") = "OtusHomework.UsersGenerator", "OtusHomework.UsersGenerator\OtusHomework.UsersGenerator.csproj", "{87D39F14-429E-4516-AB3B-2E2D1499D907}"
EndProject
Project("{FAE04EC0-301F-11D3-BF4B-00C04F79EFBC}") = "OtusHomework.PostsGenerator", "OtusHomework.PostsGenerator\OtusHomework.PostsGenerator.csproj", "{34972884-AD16-4CE9-BC12-34642D04AD56}"
EndProject
Global
	GlobalSection(SolutionConfigurationPlatforms) = preSolution
		Debug|Any CPU = Debug|Any CPU
		Release|Any CPU = Release|Any CPU
	EndGlobalSection
	GlobalSection(ProjectConfigurationPlatforms) = postSolution
		{5475BD51-EC46-4D5C-918F-203F4FC1663B}.Debug|Any CPU.ActiveCfg = Debug|Any CPU
		{5475BD51-EC46-4D5C-918F-203F4FC1663B}.Debug|Any CPU.Build.0 = Debug|Any CPU
		{5475BD51-EC46-4D5C-918F-203F4FC1663B}.Release|Any CPU.ActiveCfg = Release|Any CPU
		{5475BD51-EC46-4D5C-918F-203F4FC1663B}.Release|Any CPU.Build.0 = Release|Any CPU
		{18198B24-9F72-4D51-B386-1F4F22396375}.Debug|Any CPU.ActiveCfg = Debug|Any CPU
		{18198B24-9F72-4D51-B386-1F4F22396375}.Debug|Any CPU.Build.0 = Debug|Any CPU
		{18198B24-9F72-4D51-B386-1F4F22396375}.Release|Any CPU.ActiveCfg = Release|Any CPU
		{18198B24-9F72-4D51-B386-1F4F22396375}.Release|Any CPU.Build.0 = Release|Any CPU
		{87D39F14-429E-4516-AB3B-2E2D1499D907}.Debug|Any CPU.ActiveCfg = Debug|Any CPU
		{87D39F14-429E-4516-AB3B-2E2D1499D907}.Debug|Any CPU.Build.0 = Debug|Any CPU
		{87D39F14-429E-4516-AB3B-2E2D1499D907}.Release|Any CPU.ActiveCfg = Release|Any CPU
		{87D39F14-429E-4516-AB3B-2E2D1499D907}.Release|Any CPU.Build.0 = Release|Any CPU
		{34972884-AD16-4CE9-BC12-34642D04AD56}.Debug|Any CPU.ActiveCfg = Debug|Any CPU
		{34972884-AD16-4CE9-BC12-34642D04AD56}.Debug|Any CPU.Build.0 = Debug|Any CPU
		{34972884-AD16-4CE9-BC12-34642D04AD56}.Release|Any CPU.ActiveCfg = Release|Any CPU
		{34972884-AD16-4CE9-BC12-34642D04AD56}.Release|Any CPU.Build.0 = Release|Any CPU
	EndGlobalSection
	GlobalSection(SolutionProperties) = preSolution
		HideSolutionNode = FALSE
	EndGlobalSection
	GlobalSection(ExtensibilityGlobals) = postSolution
		SolutionGuid = {E5C5782A-A0C9-426C-B371-AA7EE7733313}
	EndGlobalSection
EndGlobal
